
Microsoft Visual Studio Solution File, Format Version 12.00
Project("{FAE04EC0-301F-11D3-BF4B-00C04F79EFBC}") = "Bloom.CLI", "Bloom.CLI\Bloom.CLI.csproj", "{D15B3CC5-BFDF-4325-A236-FAF541B9B89B}"
EndProject
Project("{FAE04EC0-301F-11D3-BF4B-00C04F79EFBC}") = "Bloom.Language", "Bloom.Language\Bloom.Language.csproj", "{4DB4176D-58BE-4CA9-81DD-20246A44DFC8}"
EndProject
Project("{FAE04EC0-301F-11D3-BF4B-00C04F79EFBC}") = "Bloom.CLI.Tests", "Bloom.CLI.Tests\Bloom.CLI.Tests.csproj", "{29A42488-1502-4CD0-AF49-2FA1977D7A3E}"
EndProject
Project("{2150E333-8FDC-42A3-9474-1A3956D46DE8}") = "Build", "Build", "{12D95E9D-EC9C-414F-BCE3-0EC21FB99249}"
	ProjectSection(SolutionItems) = preProject
		Directory.Build.props = Directory.Build.props
	EndProjectSection
EndProject
Project("{FAE04EC0-301F-11D3-BF4B-00C04F79EFBC}") = "Bloom.Language.Tests", "Bloom.Language.Tests\Bloom.Language.Tests.csproj", "{5F3E057F-0435-45A0-ADD4-DAFE4063F007}"
EndProject
Global
	GlobalSection(SolutionConfigurationPlatforms) = preSolution
		Debug|Any CPU = Debug|Any CPU
		Release|Any CPU = Release|Any CPU
	EndGlobalSection
	GlobalSection(ProjectConfigurationPlatforms) = postSolution
		{D15B3CC5-BFDF-4325-A236-FAF541B9B89B}.Debug|Any CPU.ActiveCfg = Debug|Any CPU
		{D15B3CC5-BFDF-4325-A236-FAF541B9B89B}.Debug|Any CPU.Build.0 = Debug|Any CPU
		{D15B3CC5-BFDF-4325-A236-FAF541B9B89B}.Release|Any CPU.ActiveCfg = Release|Any CPU
		{D15B3CC5-BFDF-4325-A236-FAF541B9B89B}.Release|Any CPU.Build.0 = Release|Any CPU
		{4DB4176D-58BE-4CA9-81DD-20246A44DFC8}.Debug|Any CPU.ActiveCfg = Debug|Any CPU
		{4DB4176D-58BE-4CA9-81DD-20246A44DFC8}.Debug|Any CPU.Build.0 = Debug|Any CPU
		{4DB4176D-58BE-4CA9-81DD-20246A44DFC8}.Release|Any CPU.ActiveCfg = Release|Any CPU
		{4DB4176D-58BE-4CA9-81DD-20246A44DFC8}.Release|Any CPU.Build.0 = Release|Any CPU
		{29A42488-1502-4CD0-AF49-2FA1977D7A3E}.Debug|Any CPU.ActiveCfg = Debug|Any CPU
		{29A42488-1502-4CD0-AF49-2FA1977D7A3E}.Debug|Any CPU.Build.0 = Debug|Any CPU
		{29A42488-1502-4CD0-AF49-2FA1977D7A3E}.Release|Any CPU.ActiveCfg = Release|Any CPU
		{29A42488-1502-4CD0-AF49-2FA1977D7A3E}.Release|Any CPU.Build.0 = Release|Any CPU
		{5F3E057F-0435-45A0-ADD4-DAFE4063F007}.Debug|Any CPU.ActiveCfg = Debug|Any CPU
		{5F3E057F-0435-45A0-ADD4-DAFE4063F007}.Debug|Any CPU.Build.0 = Debug|Any CPU
		{5F3E057F-0435-45A0-ADD4-DAFE4063F007}.Release|Any CPU.ActiveCfg = Release|Any CPU
		{5F3E057F-0435-45A0-ADD4-DAFE4063F007}.Release|Any CPU.Build.0 = Release|Any CPU
	EndGlobalSection
EndGlobal
